lockfileVersion: 5.4

specifiers:
  '@cloudflare/workers-types': ^3.14.1
  '@upstash/ratelimit': 0.1.4-rc.1
  '@upstash/redis': v1.10.0
  typescript: ^4.7.4
  wrangler: 2.0.25

dependencies:
  '@upstash/ratelimit': 0.1.4-rc.1_@upstash+redis@1.10.0
  '@upstash/redis': 1.10.0

devDependencies:
  '@cloudflare/workers-types': 3.14.1
  typescript: 4.7.4
  wrangler: 2.0.25

packages:

  /@cloudflare/kv-asset-handler/0.2.0:
    resolution: {integrity: sha512-MVbXLbTcAotOPUj0pAMhVtJ+3/kFkwJqc5qNOleOZTv6QkZZABDMS21dSrSlVswEHwrpWC03e4fWytjqKvuE2A==}
    dependencies:
      mime: 3.0.0
    dev: true

  /@cloudflare/workers-types/3.14.1:
    resolution: {integrity: sha512-B1/plF62pt+H2IJHvApK8fdOJAVsvojvacuac8x8s+JIyqbropMyqNqHTKLm3YD8ZFLGwYeFTudU+PQ7vGvBdA==}
    dev: true

  /@esbuild-plugins/node-globals-polyfill/0.1.1_esbuild@0.14.51:
    resolution: {integrity: sha512-MR0oAA+mlnJWrt1RQVQ+4VYuRJW/P2YmRTv1AsplObyvuBMnPHiizUF95HHYiSsMGLhyGtWufaq2XQg6+iurBg==}
    peerDependencies:
      esbuild: '*'
    dependencies:
      esbuild: 0.14.51
    dev: true

  /@esbuild-plugins/node-modules-polyfill/0.1.4_esbuild@0.14.51:
    resolution: {integrity: sha512-uZbcXi0zbmKC/050p3gJnne5Qdzw8vkXIv+c2BW0Lsc1ji1SkrxbKPUy5Efr0blbTu1SL8w4eyfpnSdPg3G0Qg==}
    peerDependencies:
      esbuild: '*'
    dependencies:
      esbuild: 0.14.51
      escape-string-regexp: 4.0.0
      rollup-plugin-node-polyfills: 0.2.1
    dev: true

  /@iarna/toml/2.2.5:
    resolution: {integrity: sha512-trnsAYxU3xnS1gPHPyU961coFyLkh4gAD/0zQ5mymY4yOZ+CYvsPqUbOFSw0aDM4y0tV7tiFxL/1XfXPNC6IPg==}
    dev: true

  /@miniflare/cache/2.6.0:
    resolution: {integrity: sha512-4oh8MgpquoxaslI7Z8sMzmEZR0Dc+L3aEh69o9d8ZCs4nUdOENnfKlY50O5nEnL7nhhyAljkMBaXD2wAH2DLeQ==}
    engines: {node: '>=16.7'}
    dependencies:
      '@miniflare/core': 2.6.0
      '@miniflare/shared': 2.6.0
      http-cache-semantics: 4.1.0
      undici: 5.5.1
    dev: true

  /@miniflare/cli-parser/2.6.0:
    resolution: {integrity: sha512-dJDoIPAUqWhzvBHHyqyhobdzDedBYRWZ4yItBi9m4MTU/EneLJ5jryB340SwUnmtBMZxUh/LWdAuUEkKpdVNyA==}
    engines: {node: '>=16.7'}
    dependencies:
      '@miniflare/shared': 2.6.0
      kleur: 4.1.5
    dev: true

  /@miniflare/core/2.6.0:
    resolution: {integrity: sha512-CmofhIRot++GI7NHPMwzNb65+0hWLN186L91BrH/doPVHnT/itmEfzYQpL9bFLD0c/i14dfv+IUNetDdGEBIrw==}
    engines: {node: '>=16.7'}
    dependencies:
      '@iarna/toml': 2.2.5
      '@miniflare/shared': 2.6.0
      '@miniflare/watcher': 2.6.0
      busboy: 1.6.0
      dotenv: 10.0.0
      kleur: 4.1.5
      set-cookie-parser: 2.5.1
      undici: 5.5.1
      urlpattern-polyfill: 4.0.3
    dev: true

  /@miniflare/durable-objects/2.6.0:
    resolution: {integrity: sha512-uzWoGFtkIIh3m3HAzqd5f86nOSC0xFli6dq2q7ilE3UjgouOcLqObxJyE/IzvSwsj4DUWFv6//YDfHihK2fGAA==}
    engines: {node: '>=16.7'}
    dependencies:
      '@miniflare/core': 2.6.0
      '@miniflare/shared': 2.6.0
      '@miniflare/storage-memory': 2.6.0
      undici: 5.5.1
    dev: true

  /@miniflare/html-rewriter/2.6.0:
    resolution: {integrity: sha512-+JqFlIDLzstb/Spj+j/kI6uHzolrqjsMks3Tf24Q4YFo9YYdZguqUFcDz2yr79ZTP/SKXaZH+AYqosnJps4dHQ==}
    engines: {node: '>=16.7'}
    dependencies:
      '@miniflare/core': 2.6.0
      '@miniflare/shared': 2.6.0
      html-rewriter-wasm: 0.4.1
      undici: 5.5.1
    dev: true

  /@miniflare/http-server/2.6.0:
    resolution: {integrity: sha512-FhcAVIpipMEzMCsJBc/b0JhNEJ66GPX60vA2NcqjGKHYbwoPCPlwCFQq2giPzW/R95ugrEjPfo4/5Q4UbnpoGA==}
    engines: {node: '>=16.7'}
    dependencies:
      '@miniflare/core': 2.6.0
      '@miniflare/shared': 2.6.0
      '@miniflare/web-sockets': 2.6.0
      kleur: 4.1.5
      selfsigned: 2.0.1
      undici: 5.5.1
      ws: 8.8.1
      youch: 2.2.2
    transitivePeerDependencies:
      - bufferutil
      - utf-8-validate
    dev: true

  /@miniflare/kv/2.6.0:
    resolution: {integrity: sha512-7Q+Q0Wwinsz85qpKLlBeXSCLweiVowpMJ5AmQpmELnTya59HQ24cOUHxPd64hXFhdYXVIxOmk6lQaZ21JhdHGQ==}
    engines: {node: '>=16.7'}
    dependencies:
      '@miniflare/shared': 2.6.0
    dev: true

  /@miniflare/r2/2.6.0:
    resolution: {integrity: sha512-Ymbqu17ajtuk9b11txF2h1Ewqqlu3XCCpAwAgCQa6AK1yRidQECCPq9w9oXZxE1p5aaSuLTOUbgSdtveFCsLxQ==}
    engines: {node: '>=16.7'}
    dependencies:
      '@miniflare/shared': 2.6.0
      undici: 5.5.1
    dev: true

  /@miniflare/runner-vm/2.6.0:
    resolution: {integrity: sha512-ZxsiVMMUcjb01LwrO2t50YbU5PT5s3k7DrmR5185R/n04K5BikqZz8eQf8lKlQQYem0BROqmmQgurZGw0a2HUw==}
    engines: {node: '>=16.7'}
    dependencies:
      '@miniflare/shared': 2.6.0
    dev: true

  /@miniflare/scheduler/2.6.0:
    resolution: {integrity: sha512-BM+RDF+8twkTCOb7Oz0NIs5phzAVJ/Gx7tFZR23fGsZjWRnE3TBeqfzaNutU9pcoWDZtBQqEJMeTeb0KZTo75Q==}
    engines: {node: '>=16.7'}
    dependencies:
      '@miniflare/core': 2.6.0
      '@miniflare/shared': 2.6.0
      cron-schedule: 3.0.6
    dev: true

  /@miniflare/shared/2.6.0:
    resolution: {integrity: sha512-/7k4C37GF0INu99LNFmFhHYL6U9/oRY/nWDa5sr6+lPEKKm2rkmfvDIA+YNAj7Ql61ZWMgEMj0S3NhV0rWkj7Q==}
    engines: {node: '>=16.7'}
    dependencies:
      ignore: 5.2.0
      kleur: 4.1.5
    dev: true

  /@miniflare/sites/2.6.0:
    resolution: {integrity: sha512-XfWhpREC638LOGNmuHaPn1MAz1sh2mz+VdMsjRCzUo6NwPl4IcUhnorJR62Xr0qmI/RqVMTZbvzrChXio4Bi4A==}
    engines: {node: '>=16.7'}
    dependencies:
      '@miniflare/kv': 2.6.0
      '@miniflare/shared': 2.6.0
      '@miniflare/storage-file': 2.6.0
    dev: true

  /@miniflare/storage-file/2.6.0:
    resolution: {integrity: sha512-xprDVJClQ2X1vXVPM16WQZz3rS+6fNuCYC8bfEFHABDByQoUNDpk8q+m1IpTaFXYivYxRhE+xr7eK2QQP068tA==}
    engines: {node: '>=16.7'}
    dependencies:
      '@miniflare/shared': 2.6.0
      '@miniflare/storage-memory': 2.6.0
    dev: true

  /@miniflare/storage-memory/2.6.0:
    resolution: {integrity: sha512-0EwELTG2r6IC4AMlQv0YXRZdw9g/lCydceuGKeFkWAVb55pY+yMBxkJO9VV7QOrEx8MLsR8tsfl5SBK3AkfLtA==}
    engines: {node: '>=16.7'}
    dependencies:
      '@miniflare/shared': 2.6.0
    dev: true

  /@miniflare/watcher/2.6.0:
    resolution: {integrity: sha512-mttfhNDmEIFo2rWF73JeWj1TLN+3cQC1TFhbtLApz9bXilLywArXMYqDJGA8PUnJCFM/8k2FDjaFNiPy6ggIJw==}
    engines: {node: '>=16.7'}
    dependencies:
      '@miniflare/shared': 2.6.0
    dev: true

  /@miniflare/web-sockets/2.6.0:
    resolution: {integrity: sha512-ePbcuP9LrStVTllZzqx2oNVoOpceyU3jJF3nGDMNW5+bqB+BdeTggSF8rhER7omcSCswCMY2Do6VelIcAXHkXA==}
    engines: {node: '>=16.7'}
    dependencies:
      '@miniflare/core': 2.6.0
      '@miniflare/shared': 2.6.0
      undici: 5.5.1
      ws: 8.8.1
    transitivePeerDependencies:
      - bufferutil
      - utf-8-validate
    dev: true

  /@types/stack-trace/0.0.29:
    resolution: {integrity: sha512-TgfOX+mGY/NyNxJLIbDWrO9DjGoVSW9+aB8H2yy1fy32jsvxijhmyJI9fDFgvz3YP4lvJaq9DzdR/M1bOgVc9g==}
    dev: true

  /@upstash/ratelimit/0.1.4-rc.1_@upstash+redis@1.10.0:
    resolution: {integrity: sha512-78w+gOqYk0PfvPdWfToqUKxAAvas81oKpO/SF18HRh6XxedZ2MexidIRTb/sixQlDqr1vNRjLOG7j/8N8rziPA==}
    peerDependencies:
      '@upstash/redis': ^1.4.0
    dependencies:
      '@upstash/redis': 1.10.0
    dev: false

  /@upstash/redis/1.10.0:
    resolution: {integrity: sha512-56X4c89Frkj+/1WVQVuGCqHd+oAskofQEDeLGKdCYSX3ZCKv3RiFE55asXOKJbuBW5zl0KTGRmcUA5mVwm4m6A==}
    dependencies:
      isomorphic-fetch: 3.0.0
    transitivePeerDependencies:
      - encoding
    dev: false

  /anymatch/3.1.2:
    resolution: {integrity: sha512-P43ePfOAIupkguHUycrc4qJ9kz8ZiuOUijaETwX7THt0Y/GNK7v0aa8rY816xWjZ7rJdA5XdMcpVFTKMq+RvWg==}
    engines: {node: '>= 8'}
    dependencies:
      normalize-path: 3.0.0
      picomatch: 2.3.1
    dev: true

  /binary-extensions/2.2.0:
    resolution: {integrity: sha512-jDctJ/IVQbZoJykoeHbhXpOlNBqGNcwXJKJog42E5HDPUwQTSdjCHdihjj0DlnheQ7blbT6dHOafNAiS8ooQKA==}
    engines: {node: '>=8'}
    dev: true

  /blake3-wasm/2.1.5:
    resolution: {integrity: sha512-F1+K8EbfOZE49dtoPtmxUQrpXaBIl3ICvasLh+nJta0xkz+9kF/7uet9fLnwKqhDrmj6g+6K3Tw9yQPUg2ka5g==}
    dev: true

  /braces/3.0.2:
    resolution: {integrity: sha512-b8um+L1RzM3WDSzvhm6gIz1yfTbBt6YTlcEKAvsmqCZZFw46z626lVj9j1yEPW33H5H+lBQpZMP1k8l+78Ha0A==}
    engines: {node: '>=8'}
    dependencies:
      fill-range: 7.0.1
    dev: true

  /buffer-from/1.1.2:
    resolution: {integrity: sha512-E+XQCRwSbaaiChtv6k6Dwgc+bx+Bs6vuKJHHl5kox/BaKbhiXzqQOwK4cO22yElGp2OCmjwVhT3HmxgyPGnJfQ==}
    dev: true

  /busboy/1.6.0:
    resolution: {integrity: sha512-8SFQbg/0hQ9xy3UNTB0YEnsNBbWfhf7RtnzpL7TkBiTBRfrQ9Fxcnz7VJsleJpyp6rVLvXiuORqjlHi5q+PYuA==}
    engines: {node: '>=10.16.0'}
    dependencies:
      streamsearch: 1.1.0
    dev: true

  /chokidar/3.5.3:
    resolution: {integrity: sha512-Dr3sfKRP6oTcjf2JmUmFJfeVMvXBdegxB0iVQ5eb2V10uFJUCAS8OByZdVAyVb8xXNz3GjjTgj9kLWsZTqE6kw==}
    engines: {node: '>= 8.10.0'}
    dependencies:
      anymatch: 3.1.2
      braces: 3.0.2
      glob-parent: 5.1.2
      is-binary-path: 2.1.0
      is-glob: 4.0.3
      normalize-path: 3.0.0
      readdirp: 3.6.0
    optionalDependencies:
      fsevents: 2.3.2
    dev: true

  /cookie/0.4.2:
    resolution: {integrity: sha512-aSWTXFzaKWkvHO1Ny/s+ePFpvKsPnjc551iI41v3ny/ow6tBG5Vd+FuqGNhh1LxOmVzOlGUriIlOaokOvhaStA==}
    engines: {node: '>= 0.6'}
    dev: true

  /cron-schedule/3.0.6:
    resolution: {integrity: sha512-izfGgKyzzIyLaeb1EtZ3KbglkS6AKp9cv7LxmiyoOu+fXfol1tQDC0Cof0enVZGNtudTHW+3lfuW9ZkLQss4Wg==}
    dev: true

  /dotenv/10.0.0:
    resolution: {integrity: sha512-rlBi9d8jpv9Sf1klPjNfFAuWDjKLwTIJJ/VxtoTwIR6hnZxcEOQCZg2oIL3MWBYw5GpUDKOEnND7LXTbIpQ03Q==}
    engines: {node: '>=10'}
    dev: true

  /esbuild-android-64/0.14.51:
    resolution: {integrity: sha512-6FOuKTHnC86dtrKDmdSj2CkcKF8PnqkaIXqvgydqfJmqBazCPdw+relrMlhGjkvVdiiGV70rpdnyFmA65ekBCQ==}
    engines: {node: '>=12'}
    cpu: [x64]
    os: [android]
    requiresBuild: true
    dev: true
    optional: true

  /esbuild-android-arm64/0.14.51:
    resolution: {integrity: sha512-vBtp//5VVkZWmYYvHsqBRCMMi1MzKuMIn5XDScmnykMTu9+TD9v0NMEDqQxvtFToeYmojdo5UCV2vzMQWJcJ4A==}
    engines: {node: '>=12'}
    cpu: [arm64]
    os: [android]
    requiresBuild: true
    dev: true
    optional: true

  /esbuild-darwin-64/0.14.51:
    resolution: {integrity: sha512-YFmXPIOvuagDcwCejMRtCDjgPfnDu+bNeh5FU2Ryi68ADDVlWEpbtpAbrtf/lvFTWPexbgyKgzppNgsmLPr8PA==}
    engines: {node: '>=12'}
    cpu: [x64]
    os: [darwin]
    requiresBuild: true
    dev: true
    optional: true

  /esbuild-darwin-arm64/0.14.51:
    resolution: {integrity: sha512-juYD0QnSKwAMfzwKdIF6YbueXzS6N7y4GXPDeDkApz/1RzlT42mvX9jgNmyOlWKN7YzQAYbcUEJmZJYQGdf2ow==}
    engines: {node: '>=12'}
    cpu: [arm64]
    os: [darwin]
    requiresBuild: true
    dev: true
    optional: true

  /esbuild-freebsd-64/0.14.51:
    resolution: {integrity: sha512-cLEI/aXjb6vo5O2Y8rvVSQ7smgLldwYY5xMxqh/dQGfWO+R1NJOFsiax3IS4Ng300SVp7Gz3czxT6d6qf2cw0g==}
    engines: {node: '>=12'}
    cpu: [x64]
    os: [freebsd]
    requiresBuild: true
    dev: true
    optional: true

  /esbuild-freebsd-arm64/0.14.51:
    resolution: {integrity: sha512-TcWVw/rCL2F+jUgRkgLa3qltd5gzKjIMGhkVybkjk6PJadYInPtgtUBp1/hG+mxyigaT7ib+od1Xb84b+L+1Mg==}
    engines: {node: '>=12'}
    cpu: [arm64]
    os: [freebsd]
    requiresBuild: true
    dev: true
    optional: true

  /esbuild-linux-32/0.14.51:
    resolution: {integrity: sha512-RFqpyC5ChyWrjx8Xj2K0EC1aN0A37H6OJfmUXIASEqJoHcntuV3j2Efr9RNmUhMfNE6yEj2VpYuDteZLGDMr0w==}
    engines: {node: '>=12'}
    cpu: [ia32]
    os: [linux]
    requiresBuild: true
    dev: true
    optional: true

  /esbuild-linux-64/0.14.51:
    resolution: {integrity: sha512-dxjhrqo5i7Rq6DXwz5v+MEHVs9VNFItJmHBe1CxROWNf4miOGoQhqSG8StStbDkQ1Mtobg6ng+4fwByOhoQoeA==}
    engines: {node: '>=12'}
    cpu: [x64]
    os: [linux]
    requiresBuild: true
    dev: true
    optional: true

  /esbuild-linux-arm/0.14.51:
    resolution: {integrity: sha512-LsJynDxYF6Neg7ZC7748yweCDD+N8ByCv22/7IAZglIEniEkqdF4HCaa49JNDLw1UQGlYuhOB8ZT/MmcSWzcWg==}
    engines: {node: '>=12'}
    cpu: [arm]
    os: [linux]
    requiresBuild: true
    dev: true
    optional: true

  /esbuild-linux-arm64/0.14.51:
    resolution: {integrity: sha512-D9rFxGutoqQX3xJPxqd6o+kvYKeIbM0ifW2y0bgKk5HPgQQOo2k9/2Vpto3ybGYaFPCE5qTGtqQta9PoP6ZEzw==}
    engines: {node: '>=12'}
    cpu: [arm64]
    os: [linux]
    requiresBuild: true
    dev: true
    optional: true

  /esbuild-linux-mips64le/0.14.51:
    resolution: {integrity: sha512-vS54wQjy4IinLSlb5EIlLoln8buh1yDgliP4CuEHumrPk4PvvP4kTRIG4SzMXm6t19N0rIfT4bNdAxzJLg2k6A==}
    engines: {node: '>=12'}
    cpu: [mips64el]
    os: [linux]
    requiresBuild: true
    dev: true
    optional: true

  /esbuild-linux-ppc64le/0.14.51:
    resolution: {integrity: sha512-xcdd62Y3VfGoyphNP/aIV9LP+RzFw5M5Z7ja+zdpQHHvokJM7d0rlDRMN+iSSwvUymQkqZO+G/xjb4/75du8BQ==}
    engines: {node: '>=12'}
    cpu: [ppc64]
    os: [linux]
    requiresBuild: true
    dev: true
    optional: true

  /esbuild-linux-riscv64/0.14.51:
    resolution: {integrity: sha512-syXHGak9wkAnFz0gMmRBoy44JV0rp4kVCEA36P5MCeZcxFq8+fllBC2t6sKI23w3qd8Vwo9pTADCgjTSf3L3rA==}
    engines: {node: '>=12'}
    cpu: [riscv64]
    os: [linux]
    requiresBuild: true
    dev: true
    optional: true

  /esbuild-linux-s390x/0.14.51:
    resolution: {integrity: sha512-kFAJY3dv+Wq8o28K/C7xkZk/X34rgTwhknSsElIqoEo8armCOjMJ6NsMxm48KaWY2h2RUYGtQmr+RGuUPKBhyw==}
    engines: {node: '>=12'}
    cpu: [s390x]
    os: [linux]
    requiresBuild: true
    dev: true
    optional: true

  /esbuild-netbsd-64/0.14.51:
    resolution: {integrity: sha512-ZZBI7qrR1FevdPBVHz/1GSk1x5GDL/iy42Zy8+neEm/HA7ma+hH/bwPEjeHXKWUDvM36CZpSL/fn1/y9/Hb+1A==}
    engines: {node: '>=12'}
    cpu: [x64]
    os: [netbsd]
    requiresBuild: true
    dev: true
    optional: true

  /esbuild-openbsd-64/0.14.51:
    resolution: {integrity: sha512-7R1/p39M+LSVQVgDVlcY1KKm6kFKjERSX1lipMG51NPcspJD1tmiZSmmBXoY5jhHIu6JL1QkFDTx94gMYK6vfA==}
    engines: {node: '>=12'}
    cpu: [x64]
    os: [openbsd]
    requiresBuild: true
    dev: true
    optional: true

  /esbuild-sunos-64/0.14.51:
    resolution: {integrity: sha512-HoHaCswHxLEYN8eBTtyO0bFEWvA3Kdb++hSQ/lLG7TyKF69TeSG0RNoBRAs45x/oCeWaTDntEZlYwAfQlhEtJA==}
    engines: {node: '>=12'}
    cpu: [x64]
    os: [sunos]
    requiresBuild: true
    dev: true
    optional: true

  /esbuild-windows-32/0.14.51:
    resolution: {integrity: sha512-4rtwSAM35A07CBt1/X8RWieDj3ZUHQqUOaEo5ZBs69rt5WAFjP4aqCIobdqOy4FdhYw1yF8Z0xFBTyc9lgPtEg==}
    engines: {node: '>=12'}
    cpu: [ia32]
    os: [win32]
    requiresBuild: true
    dev: true
    optional: true

  /esbuild-windows-64/0.14.51:
    resolution: {integrity: sha512-HoN/5HGRXJpWODprGCgKbdMvrC3A2gqvzewu2eECRw2sYxOUoh2TV1tS+G7bHNapPGI79woQJGV6pFH7GH7qnA==}
    engines: {node: '>=12'}
    cpu: [x64]
    os: [win32]
    requiresBuild: true
    dev: true
    optional: true

  /esbuild-windows-arm64/0.14.51:
    resolution: {integrity: sha512-JQDqPjuOH7o+BsKMSddMfmVJXrnYZxXDHsoLHc0xgmAZkOOCflRmC43q31pk79F9xuyWY45jDBPolb5ZgGOf9g==}
    engines: {node: '>=12'}
    cpu: [arm64]
    os: [win32]
    requiresBuild: true
    dev: true
    optional: true

  /esbuild/0.14.51:
    resolution: {integrity: sha512-+CvnDitD7Q5sT7F+FM65sWkF8wJRf+j9fPcprxYV4j+ohmzVj2W7caUqH2s5kCaCJAfcAICjSlKhDCcvDpU7nw==}
    engines: {node: '>=12'}
    hasBin: true
    requiresBuild: true
    optionalDependencies:
      esbuild-android-64: 0.14.51
      esbuild-android-arm64: 0.14.51
      esbuild-darwin-64: 0.14.51
      esbuild-darwin-arm64: 0.14.51
      esbuild-freebsd-64: 0.14.51
      esbuild-freebsd-arm64: 0.14.51
      esbuild-linux-32: 0.14.51
      esbuild-linux-64: 0.14.51
      esbuild-linux-arm: 0.14.51
      esbuild-linux-arm64: 0.14.51
      esbuild-linux-mips64le: 0.14.51
      esbuild-linux-ppc64le: 0.14.51
      esbuild-linux-riscv64: 0.14.51
      esbuild-linux-s390x: 0.14.51
      esbuild-netbsd-64: 0.14.51
      esbuild-openbsd-64: 0.14.51
      esbuild-sunos-64: 0.14.51
      esbuild-windows-32: 0.14.51
      esbuild-windows-64: 0.14.51
      esbuild-windows-arm64: 0.14.51
    dev: true

  /escape-string-regexp/4.0.0:
    resolution: {integrity: sha512-TtpcNJ3XAzx3Gq8sWRzJaVajRs0uVxA2YAkdb1jm2YkPz4G6egUFAyA3n5vtEIZefPk5Wa4UXbKuS5fKkJWdgA==}
    engines: {node: '>=10'}
    dev: true

  /estree-walker/0.6.1:
    resolution: {integrity: sha512-SqmZANLWS0mnatqbSfRP5g8OXZC12Fgg1IwNtLsyHDzJizORW4khDfjPqJZsemPWBB2uqykUah5YpQ6epsqC/w==}
    dev: true

  /fill-range/7.0.1:
    resolution: {integrity: sha512-qOo9F+dMUmC2Lcb4BbVvnKJxTPjCm+RRpe4gDuGrzkL7mEVl/djYSu2OdQ2Pa302N4oqkSg9ir6jaLWJ2USVpQ==}
    engines: {node: '>=8'}
    dependencies:
      to-regex-range: 5.0.1
    dev: true

  /fsevents/2.3.2:
    resolution: {integrity: sha512-xiqMQR4xAeHTuB9uWm+fFRcIOgKBMiOBP+eXiyT7jsgVCq1bkVygt00oASowB7EdtpOHaaPgKt812P9ab+DDKA==}
    engines: {node: ^8.16.0 || ^10.6.0 || >=11.0.0}
    os: [darwin]
    requiresBuild: true
    dev: true
    optional: true

  /glob-parent/5.1.2:
    resolution: {integrity: sha512-AOIgSQCepiJYwP3ARnGx+5VnTu2HBYdzbGP45eLw1vr3zB3vZLeyed1sC9hnbcOc9/SrMyM5RPQrkGz4aS9Zow==}
    engines: {node: '>= 6'}
    dependencies:
      is-glob: 4.0.3
    dev: true

  /html-rewriter-wasm/0.4.1:
    resolution: {integrity: sha512-lNovG8CMCCmcVB1Q7xggMSf7tqPCijZXaH4gL6iE8BFghdQCbaY5Met9i1x2Ex8m/cZHDUtXK9H6/znKamRP8Q==}
    dev: true

  /http-cache-semantics/4.1.0:
    resolution: {integrity: sha512-carPklcUh7ROWRK7Cv27RPtdhYhUsela/ue5/jKzjegVvXDqM2ILE9Q2BGn9JZJh1g87cp56su/FgQSzcWS8cQ==}
    dev: true

  /ignore/5.2.0:
    resolution: {integrity: sha512-CmxgYGiEPCLhfLnpPp1MoRmifwEIOgjcHXxOBjv7mY96c+eWScsOP9c112ZyLdWHi0FxHjI+4uVhKYp/gcdRmQ==}
    engines: {node: '>= 4'}
    dev: true

  /is-binary-path/2.1.0:
    resolution: {integrity: sha512-ZMERYes6pDydyuGidse7OsHxtbI7WVeUEozgR/g7rd0xUimYNlvZRE/K2MgZTjWy725IfelLeVcEM97mmtRGXw==}
    engines: {node: '>=8'}
    dependencies:
      binary-extensions: 2.2.0
    dev: true

  /is-extglob/2.1.1:
    resolution: {integrity: sha512-SbKbANkN603Vi4jEZv49LeVJMn4yGwsbzZworEoyEiutsN3nJYdbO36zfhGJ6QEDpOZIFkDtnq5JRxmvl3jsoQ==}
    engines: {node: '>=0.10.0'}
    dev: true

  /is-glob/4.0.3:
    resolution: {integrity: sha512-xelSayHH36ZgE7ZWhli7pW34hNbNl8Ojv5KVmkJD4hBdD3th8Tfk9vYasLM+mXWOZhFkgZfxhLSnrwRr4elSSg==}
    engines: {node: '>=0.10.0'}
    dependencies:
      is-extglob: 2.1.1
    dev: true

  /is-number/7.0.0:
    resolution: {integrity: sha512-41Cifkg6e8TylSpdtTpeLVMqvSBEVzTttHvERD741+pnZ8ANv0004MRL43QKPDlK9cGvNp6NZWZUBlbGXYxxng==}
    engines: {node: '>=0.12.0'}
    dev: true

  /isomorphic-fetch/3.0.0:
    resolution: {integrity: sha512-qvUtwJ3j6qwsF3jLxkZ72qCgjMysPzDfeV240JHiGZsANBYd+EEuu35v7dfrJ9Up0Ak07D7GGSkGhCHTqg/5wA==}
    dependencies:
      node-fetch: 2.6.7
      whatwg-fetch: 3.6.2
    transitivePeerDependencies:
      - encoding
    dev: false

  /kleur/4.1.5:
    resolution: {integrity: sha512-o+NO+8WrRiQEE4/7nwRJhN1HWpVmJm511pBHUxPLtp0BUISzlBplORYSmTclCnJvQq2tKu/sgl3xVpkc7ZWuQQ==}
    engines: {node: '>=6'}
    dev: true

  /magic-string/0.25.9:
    resolution: {integrity: sha512-RmF0AsMzgt25qzqqLc1+MbHmhdx0ojF2Fvs4XnOqz2ZOBXzzkEwc/dJQZCYHAn7v1jbVOjAZfK8msRn4BxO4VQ==}
    dependencies:
      sourcemap-codec: 1.4.8
    dev: true

  /mime/3.0.0:
    resolution: {integrity: sha512-jSCU7/VB1loIWBZe14aEYHU/+1UMEHoaO7qxCOVJOw9GgH72VAWppxNcjU+x9a2k3GSIBXNKxXQFqRvvZ7vr3A==}
    engines: {node: '>=10.0.0'}
    hasBin: true
    dev: true

  /miniflare/2.6.0:
    resolution: {integrity: sha512-KDAQZV2aDZ044X1ihlCIa6DPdq1w3fUJFW4xZ+r+DPUxj9t1AuehjR9Fc6zCmZQrk12gLXDSZSyNft1ozm1X7Q==}
    engines: {node: '>=16.7'}
    hasBin: true
    peerDependencies:
      '@miniflare/storage-redis': 2.6.0
      cron-schedule: ^3.0.4
      ioredis: ^4.27.9
    peerDependenciesMeta:
      '@miniflare/storage-redis':
        optional: true
      cron-schedule:
        optional: true
      ioredis:
        optional: true
    dependencies:
      '@miniflare/cache': 2.6.0
      '@miniflare/cli-parser': 2.6.0
      '@miniflare/core': 2.6.0
      '@miniflare/durable-objects': 2.6.0
      '@miniflare/html-rewriter': 2.6.0
      '@miniflare/http-server': 2.6.0
      '@miniflare/kv': 2.6.0
      '@miniflare/r2': 2.6.0
      '@miniflare/runner-vm': 2.6.0
      '@miniflare/scheduler': 2.6.0
      '@miniflare/shared': 2.6.0
      '@miniflare/sites': 2.6.0
      '@miniflare/storage-file': 2.6.0
      '@miniflare/storage-memory': 2.6.0
      '@miniflare/web-sockets': 2.6.0
      kleur: 4.1.5
      semiver: 1.1.0
      source-map-support: 0.5.21
      undici: 5.5.1
    transitivePeerDependencies:
      - bufferutil
      - utf-8-validate
    dev: true

  /mustache/4.2.0:
    resolution: {integrity: sha512-71ippSywq5Yb7/tVYyGbkBggbU8H3u5Rz56fH60jGFgr8uHwxs+aSKeqmluIVzM0m0kB7xQjKS6qPfd0b2ZoqQ==}
    hasBin: true
    dev: true

  /nanoid/3.3.4:
    resolution: {integrity: sha512-MqBkQh/OHTS2egovRtLk45wEyNXwF+cokD+1YPf9u5VfJiRdAiRwB2froX5Co9Rh20xs4siNPm8naNotSD6RBw==}
    engines: {node: ^10 || ^12 || ^13.7 || ^14 || >=15.0.1}
    hasBin: true
    dev: true

  /node-fetch/2.6.7:
    resolution: {integrity: sha512-ZjMPFEfVx5j+y2yF35Kzx5sF7kDzxuDj6ziH4FFbOp87zKDZNx8yExJIb05OGF4Nlt9IHFIMBkRl41VdvcNdbQ==}
    engines: {node: 4.x || >=6.0.0}
    peerDependencies:
      encoding: ^0.1.0
    peerDependenciesMeta:
      encoding:
        optional: true
    dependencies:
      whatwg-url: 5.0.0
    dev: false

  /node-forge/1.3.1:
    resolution: {integrity: sha512-dPEtOeMvF9VMcYV/1Wb8CPoVAXtp6MKMlcbAt4ddqmGqUJ6fQZFXkNZNkNlfevtNkGtaSoXf/vNNNSvgrdXwtA==}
    engines: {node: '>= 6.13.0'}
    dev: true

  /normalize-path/3.0.0:
    resolution: {integrity: sha512-6eZs5Ls3WtCisHWp9S2GUy8dqkpGi4BVSz3GaqiE6ezub0512ESztXUwUB6C6IKbQkY2Pnb/mD4WYojCRwcwLA==}
    engines: {node: '>=0.10.0'}
    dev: true

  /path-to-regexp/6.2.1:
    resolution: {integrity: sha512-JLyh7xT1kizaEvcaXOQwOc2/Yhw6KZOvPf1S8401UyLk86CU79LN3vl7ztXGm/pZ+YjoyAJ4rxmHwbkBXJX+yw==}
    dev: true

  /picomatch/2.3.1:
    resolution: {integrity: sha512-JU3teHTNjmE2VCGFzuY8EXzCDVwEqB2a8fsIvwaStHhAWJEeVd1o1QD80CU6+ZdEXXSLbSsuLwJjkCBWqRQUVA==}
    engines: {node: '>=8.6'}
    dev: true

  /readdirp/3.6.0:
    resolution: {integrity: sha512-hOS089on8RduqdbhvQ5Z37A0ESjsqz6qnRcffsMU3495FuTdqSm+7bhJ29JvIOsBDEEnan5DPu9t3To9VRlMzA==}
    engines: {node: '>=8.10.0'}
    dependencies:
      picomatch: 2.3.1
    dev: true

  /rollup-plugin-inject/3.0.2:
    resolution: {integrity: sha512-ptg9PQwzs3orn4jkgXJ74bfs5vYz1NCZlSQMBUA0wKcGp5i5pA1AO3fOUEte8enhGUC+iapTCzEWw2jEFFUO/w==}
    deprecated: This package has been deprecated and is no longer maintained. Please use @rollup/plugin-inject.
    dependencies:
      estree-walker: 0.6.1
      magic-string: 0.25.9
      rollup-pluginutils: 2.8.2
    dev: true

  /rollup-plugin-node-polyfills/0.2.1:
    resolution: {integrity: sha512-4kCrKPTJ6sK4/gLL/U5QzVT8cxJcofO0OU74tnB19F40cmuAKSzH5/siithxlofFEjwvw1YAhPmbvGNA6jEroA==}
    dependencies:
      rollup-plugin-inject: 3.0.2
    dev: true

  /rollup-pluginutils/2.8.2:
    resolution: {integrity: sha512-EEp9NhnUkwY8aif6bxgovPHMoMoNr2FulJziTndpt5H9RdwC47GSGuII9XxpSdzVGM0GWrNPHV6ie1LTNJPaLQ==}
    dependencies:
      estree-walker: 0.6.1
    dev: true

  /selfsigned/2.0.1:
    resolution: {integrity: sha512-LmME957M1zOsUhG+67rAjKfiWFox3SBxE/yymatMZsAx+oMrJ0YQ8AToOnyCm7xbeg2ep37IHLxdu0o2MavQOQ==}
    engines: {node: '>=10'}
    dependencies:
      node-forge: 1.3.1
    dev: true

  /semiver/1.1.0:
    resolution: {integrity: sha512-QNI2ChmuioGC1/xjyYwyZYADILWyW6AmS1UH6gDj/SFUUUS4MBAWs/7mxnkRPc/F4iHezDP+O8t0dO8WHiEOdg==}
    engines: {node: '>=6'}
    dev: true

  /set-cookie-parser/2.5.1:
    resolution: {integrity: sha512-1jeBGaKNGdEq4FgIrORu/N570dwoPYio8lSoYLWmX7sQ//0JY08Xh9o5pBcgmHQ/MbsYp/aZnOe1s1lIsbLprQ==}
    dev: true

  /source-map-support/0.5.21:
    resolution: {integrity: sha512-uBHU3L3czsIyYXKX88fdrGovxdSCoTGDRZ6SYXtSRxLZUzHg5P/66Ht6uoUlHu9EZod+inXhKo3qQgwXUT/y1w==}
    dependencies:
      buffer-from: 1.1.2
      source-map: 0.6.1
    dev: true

  /source-map/0.6.1:
    resolution: {integrity: sha512-UjgapumWlbMhkBgzT7Ykc5YXUT46F0iKu8SGXq0bcwP5dz/h0Plj6enJqjz1Zbq2l5WaqYnrVbwWOWMyF3F47g==}
    engines: {node: '>=0.10.0'}
    dev: true

  /source-map/0.7.4:
    resolution: {integrity: sha512-l3BikUxvPOcn5E74dZiq5BGsTb5yEwhaTSzccU6t4sDOH8NWJCstKO5QT2CvtFoK6F0saL7p9xHAqHOlCPJygA==}
    engines: {node: '>= 8'}
    dev: true

  /sourcemap-codec/1.4.8:
    resolution: {integrity: sha512-9NykojV5Uih4lgo5So5dtw+f0JgJX30KCNI8gwhz2J9A15wD0Ml6tjHKwf6fTSa6fAdVBdZeNOs9eJ71qCk8vA==}
    dev: true

  /stack-trace/0.0.10:
    resolution: {integrity: sha512-KGzahc7puUKkzyMt+IqAep+TVNbKP+k2Lmwhub39m1AsTSkaDutx56aDCo+HLDzf/D26BIHTJWNiTG1KAJiQCg==}
    dev: true

  /streamsearch/1.1.0:
    resolution: {integrity: sha512-Mcc5wHehp9aXz1ax6bZUyY5afg9u2rv5cqQI3mRrYkGC8rW2hM02jWuwjtL++LS5qinSyhj2QfLyNsuc+VsExg==}
    engines: {node: '>=10.0.0'}
    dev: true

  /to-regex-range/5.0.1:
    resolution: {integrity: sha512-65P7iz6X5yEr1cwcgvQxbbIw7Uk3gOy5dIdtZ4rDveLqhrdJP+Li/Hx6tyK0NEb+2GCyneCMJiGqrADCSNk8sQ==}
    engines: {node: '>=8.0'}
    dependencies:
      is-number: 7.0.0
    dev: true

  /tr46/0.0.3:
    resolution: {integrity: sha512-N3WMsuqV66lT30CrXNbEjx4GEwlow3v6rr4mCcv6prnfwhS01rkgyFdjPNBYd9br7LpXV1+Emh01fHnq2Gdgrw==}
    dev: false

  /typescript/4.7.4:
    resolution: {integrity: sha512-C0WQT0gezHuw6AdY1M2jxUO83Rjf0HP7Sk1DtXj6j1EwkQNZrHAg2XPWlq62oqEhYvONq5pkC2Y9oPljWToLmQ==}
    engines: {node: '>=4.2.0'}
    hasBin: true
    dev: true

  /undici/5.5.1:
    resolution: {integrity: sha512-MEvryPLf18HvlCbLSzCW0U00IMftKGI5udnjrQbC5D4P0Hodwffhv+iGfWuJwg16Y/TK11ZFK8i+BPVW2z/eAw==}
    engines: {node: '>=12.18'}
    dev: true

  /urlpattern-polyfill/4.0.3:
    resolution: {integrity: sha512-DOE84vZT2fEcl9gqCUTcnAw5ZY5Id55ikUcziSUntuEFL3pRvavg5kwDmTEUJkeCHInTlV/HexFomgYnzO5kdQ==}
    dev: true

  /webidl-conversions/3.0.1:
    resolution: {integrity: sha512-2JAn3z8AR6rjK8Sm8orRC0h/bcl/DqL7tRPdGZ4I1CjdF+EaMLmYxBHyXuKL849eucPFhvBoxMsflfOb8kxaeQ==}
    dev: false

  /whatwg-fetch/3.6.2:
    resolution: {integrity: sha512-bJlen0FcuU/0EMLrdbJ7zOnW6ITZLrZMIarMUVmdKtsGvZna8vxKYaexICWPfZ8qwf9fzNq+UEIZrnSaApt6RA==}
    dev: false

  /whatwg-url/5.0.0:
    resolution: {integrity: sha512-saE57nupxk6v3HY35+jzBwYa0rKSy0XR8JSxZPwgLr7ys0IBzhGviA1/TUGJLmSVqs8pb9AnvICXEuOHLprYTw==}
    dependencies:
      tr46: 0.0.3
      webidl-conversions: 3.0.1
    dev: false

  /wrangler/2.0.25:
    resolution: {integrity: sha512-6dVB3fw8puP93PnVkIUPNeu61kRqnLFDPknvIDDrICbu1GweE/iIkHRqmXqSD/IWA9JyMXmyYcPjqlYqcbwX2g==}
    engines: {node: '>=16.7.0'}
    hasBin: true
    dependencies:
      '@cloudflare/kv-asset-handler': 0.2.0
      '@esbuild-plugins/node-globals-polyfill': 0.1.1_esbuild@0.14.51
      '@esbuild-plugins/node-modules-polyfill': 0.1.4_esbuild@0.14.51
      blake3-wasm: 2.1.5
      chokidar: 3.5.3
      esbuild: 0.14.51
      miniflare: 2.6.0
      nanoid: 3.3.4
      path-to-regexp: 6.2.1
      selfsigned: 2.0.1
      source-map: 0.7.4
      xxhash-wasm: 1.0.1
    optionalDependencies:
      fsevents: 2.3.2
    transitivePeerDependencies:
      - '@miniflare/storage-redis'
      - bufferutil
      - cron-schedule
      - ioredis
      - utf-8-validate
    dev: true

  /ws/8.8.1:
    resolution: {integrity: sha512-bGy2JzvzkPowEJV++hF07hAD6niYSr0JzBNo/J29WsB57A2r7Wlc1UFcTR9IzrPvuNVO4B8LGqF8qcpsVOhJCA==}
    engines: {node: '>=10.0.0'}
    peerDependencies:
      bufferutil: ^4.0.1
      utf-8-validate: ^5.0.2
    peerDependenciesMeta:
      bufferutil:
        optional: true
      utf-8-validate:
        optional: true
    dev: true

  /xxhash-wasm/1.0.1:
    resolution: {integrity: sha512-Lc9CTvDrH2vRoiaUzz25q7lRaviMhz90pkx6YxR9EPYtF99yOJnv2cB+CQ0hp/TLoqrUsk8z/W2EN31T568Azw==}
    dev: true

  /youch/2.2.2:
    resolution: {integrity: sha512-/FaCeG3GkuJwaMR34GHVg0l8jCbafZLHiFowSjqLlqhC6OMyf2tPJBu8UirF7/NI9X/R5ai4QfEKUCOxMAGxZQ==}
    dependencies:
      '@types/stack-trace': 0.0.29
      cookie: 0.4.2
      mustache: 4.2.0
      stack-trace: 0.0.10
    dev: true
